
Microsoft Visual Studio Solution File, Format Version 12.00
# Visual Studio Version 17
VisualStudioVersion = 17.13.35913.81
MinimumVisualStudioVersion = 10.0.40219.1
Project("{FAE04EC0-301F-11D3-BF4B-00C04F79EFBC}") = "ER-Stock Management", "ER-Stock Management\ER-Stock Management.csproj", "{B38F33F1-4B26-4C0F-8B44-A0CCA42A1AF3}"
EndProject
Project("{FAE04EC0-301F-11D3-BF4B-00C04F79EFBC}") = "ER-Stock Management-DataLibrary", "ER-Stock Management-DataLibrary\ER-Stock Management-DataLibrary.csproj", "{DB39999D-0258-446B-996C-67061A0107F5}"
EndProject
Project("{FAE04EC0-301F-11D3-BF4B-00C04F79EFBC}") = "ER-Stock Management-API", "ER-Stock Management-API\ER-Stock Management-API.csproj", "{573BA4CC-6116-4BBC-A6B9-BCE15A87D6B1}"
EndProject
Project("{FAE04EC0-301F-11D3-BF4B-00C04F79EFBC}") = "ER-Stock Management-DAL", "ER-Stock Management-DAL\ER-Stock Management-DAL.csproj", "{7772F3A5-730D-4EC9-8A3A-86EA2ADDFBF0}"
EndProject
Project("{2150E333-8FDC-42A3-9474-1A3956D46DE8}") = "ER-Stock Management-UI", "ER-Stock Management-UI", "{02EA681E-C7D8-13C7-8484-4AC65E1B71E8}"
	ProjectSection(SolutionItems) = preProject
		AddStore.html = AddStore.html
		BrowseStore.html = BrowseStore.html
		CommonFunctions.js = CommonFunctions.js
		Index.html = Index.html
		ProductCategories.html = ProductCategories.html
		ViewProducts.html = ViewProducts.html
	EndProjectSection
EndProject
Project("{2150E333-8FDC-42A3-9474-1A3956D46DE8}") = "CSS", "CSS", "{2B3EF2BE-6A70-4AAE-BB7E-62B70D5158ED}"
	ProjectSection(SolutionItems) = preProject
		Darkmode.css = Darkmode.css
		Default.css = Default.css
	EndProjectSection
EndProject
Global
	GlobalSection(SolutionConfigurationPlatforms) = preSolution
		Debug|Any CPU = Debug|Any CPU
		Release|Any CPU = Release|Any CPU
	EndGlobalSection
	GlobalSection(ProjectConfigurationPlatforms) = postSolution
		{B38F33F1-4B26-4C0F-8B44-A0CCA42A1AF3}.Debug|Any CPU.ActiveCfg = Debug|Any CPU
		{B38F33F1-4B26-4C0F-8B44-A0CCA42A1AF3}.Debug|Any CPU.Build.0 = Debug|Any CPU
		{B38F33F1-4B26-4C0F-8B44-A0CCA42A1AF3}.Release|Any CPU.ActiveCfg = Release|Any CPU
		{B38F33F1-4B26-4C0F-8B44-A0CCA42A1AF3}.Release|Any CPU.Build.0 = Release|Any CPU
		{DB39999D-0258-446B-996C-67061A0107F5}.Debug|Any CPU.ActiveCfg = Debug|Any CPU
		{DB39999D-0258-446B-996C-67061A0107F5}.Debug|Any CPU.Build.0 = Debug|Any CPU
		{DB39999D-0258-446B-996C-67061A0107F5}.Release|Any CPU.ActiveCfg = Release|Any CPU
		{DB39999D-0258-446B-996C-67061A0107F5}.Release|Any CPU.Build.0 = Release|Any CPU
		{573BA4CC-6116-4BBC-A6B9-BCE15A87D6B1}.Debug|Any CPU.ActiveCfg = Debug|Any CPU
		{573BA4CC-6116-4BBC-A6B9-BCE15A87D6B1}.Debug|Any CPU.Build.0 = Debug|Any CPU
		{573BA4CC-6116-4BBC-A6B9-BCE15A87D6B1}.Release|Any CPU.ActiveCfg = Release|Any CPU
		{573BA4CC-6116-4BBC-A6B9-BCE15A87D6B1}.Release|Any CPU.Build.0 = Release|Any CPU
		{7772F3A5-730D-4EC9-8A3A-86EA2ADDFBF0}.Debug|Any CPU.ActiveCfg = Debug|Any CPU
		{7772F3A5-730D-4EC9-8A3A-86EA2ADDFBF0}.Debug|Any CPU.Build.0 = Debug|Any CPU
		{7772F3A5-730D-4EC9-8A3A-86EA2ADDFBF0}.Release|Any CPU.ActiveCfg = Release|Any CPU
		{7772F3A5-730D-4EC9-8A3A-86EA2ADDFBF0}.Release|Any CPU.Build.0 = Release|Any CPU
	EndGlobalSection
	GlobalSection(SolutionProperties) = preSolution
		HideSolutionNode = FALSE
	EndGlobalSection
	GlobalSection(NestedProjects) = preSolution
		{2B3EF2BE-6A70-4AAE-BB7E-62B70D5158ED} = {02EA681E-C7D8-13C7-8484-4AC65E1B71E8}
	EndGlobalSection
	GlobalSection(ExtensibilityGlobals) = postSolution
		SolutionGuid = {A4BE4450-CD3E-4208-B05F-45AB3B117500}
	EndGlobalSection
EndGlobal
