
Microsoft Visual Studio Solution File, Format Version 12.00
# Visual Studio Version 17
VisualStudioVersion = 17.13.35913.81
MinimumVisualStudioVersion = 10.0.40219.1
Project("{FAE04EC0-301F-11D3-BF4B-00C04F79EFBC}") = "ER-Stock Management-DataLibrary", "ER-Stock Management-DataLibrary\ER-Stock Management-DataLibrary.csproj", "{DB39999D-0258-446B-996C-67061A0107F5}"
EndProject
Project("{FAE04EC0-301F-11D3-BF4B-00C04F79EFBC}") = "ER-Stock Management-API", "ER-Stock Management-API\ER-Stock Management-API.csproj", "{573BA4CC-6116-4BBC-A6B9-BCE15A87D6B1}"
EndProject
Project("{FAE04EC0-301F-11D3-BF4B-00C04F79EFBC}") = "ER-Stock Management-DAL", "ER-Stock Management-DAL\ER-Stock Management-DAL.csproj", "{7772F3A5-730D-4EC9-8A3A-86EA2ADDFBF0}"
EndProject
Project("{2150E333-8FDC-42A3-9474-1A3956D46DE8}") = "ER-Stock Management-UI", "ER-Stock Management-UI", "{02EA681E-C7D8-13C7-8484-4AC65E1B71E8}"
	ProjectSection(SolutionItems) = preProject
		AddStore.html = AddStore.html
		BrowseStore.html = BrowseStore.html
		Index.html = Index.html
		ModifyStoreInfo.html = ModifyStoreInfo.html
		ProductCategories.html = ProductCategories.html
		ViewProducts.html = ViewProducts.html
	EndProjectSection
EndProject
Project("{2150E333-8FDC-42A3-9474-1A3956D46DE8}") = "CSS", "CSS", "{2B3EF2BE-6A70-4AAE-BB7E-62B70D5158ED}"
	ProjectSection(SolutionItems) = preProject
		Default.css = Default.css
	EndProjectSection
EndProject
Project("{FAE04EC0-301F-11D3-BF4B-00C04F79EFBC}") = "ER-Stock Management-Tests", "ER-Stock Management-Tests\ER-Stock Management-Tests.csproj", "{6E0513D6-3455-4477-8AAC-A41A97B934E0}"
EndProject
Project("{2150E333-8FDC-42A3-9474-1A3956D46DE8}") = "JS", "JS", "{86BCF5DC-3901-41DD-AD36-1FFDD43F5890}"
	ProjectSection(SolutionItems) = preProject
		AddStore.js = AddStore.js
		BrowseStore.js = BrowseStore.js
		CommonFunctions.js = CommonFunctions.js
		Index.js = Index.js
		ModifyStoreInfo.js = ModifyStoreInfo.js
		ProductCategories.js = ProductCategories.js
		ViewProducts.js = ViewProducts.js
	EndProjectSection
EndProject
Project("{2150E333-8FDC-42A3-9474-1A3956D46DE8}") = "Images", "Images", "{6C539A5D-038B-4932-AFF5-FD045C1C62BB}"
	ProjectSection(SolutionItems) = preProject
		dark.png = dark.png
		fi.png = fi.png
		gb.png = gb.png
	EndProjectSection
EndProject
Global
	GlobalSection(SolutionConfigurationPlatforms) = preSolution
		Debug|Any CPU = Debug|Any CPU
		Release|Any CPU = Release|Any CPU
	EndGlobalSection
	GlobalSection(ProjectConfigurationPlatforms) = postSolution
		{DB39999D-0258-446B-996C-67061A0107F5}.Debug|Any CPU.ActiveCfg = Debug|Any CPU
		{DB39999D-0258-446B-996C-67061A0107F5}.Debug|Any CPU.Build.0 = Debug|Any CPU
		{DB39999D-0258-446B-996C-67061A0107F5}.Release|Any CPU.ActiveCfg = Release|Any CPU
		{DB39999D-0258-446B-996C-67061A0107F5}.Release|Any CPU.Build.0 = Release|Any CPU
		{573BA4CC-6116-4BBC-A6B9-BCE15A87D6B1}.Debug|Any CPU.ActiveCfg = Debug|Any CPU
		{573BA4CC-6116-4BBC-A6B9-BCE15A87D6B1}.Debug|Any CPU.Build.0 = Debug|Any CPU
		{573BA4CC-6116-4BBC-A6B9-BCE15A87D6B1}.Release|Any CPU.ActiveCfg = Release|Any CPU
		{573BA4CC-6116-4BBC-A6B9-BCE15A87D6B1}.Release|Any CPU.Build.0 = Release|Any CPU
		{7772F3A5-730D-4EC9-8A3A-86EA2ADDFBF0}.Debug|Any CPU.ActiveCfg = Debug|Any CPU
		{7772F3A5-730D-4EC9-8A3A-86EA2ADDFBF0}.Debug|Any CPU.Build.0 = Debug|Any CPU
		{7772F3A5-730D-4EC9-8A3A-86EA2ADDFBF0}.Release|Any CPU.ActiveCfg = Release|Any CPU
		{7772F3A5-730D-4EC9-8A3A-86EA2ADDFBF0}.Release|Any CPU.Build.0 = Release|Any CPU
		{6E0513D6-3455-4477-8AAC-A41A97B934E0}.Debug|Any CPU.ActiveCfg = Debug|Any CPU
		{6E0513D6-3455-4477-8AAC-A41A97B934E0}.Debug|Any CPU.Build.0 = Debug|Any CPU
		{6E0513D6-3455-4477-8AAC-A41A97B934E0}.Release|Any CPU.ActiveCfg = Release|Any CPU
		{6E0513D6-3455-4477-8AAC-A41A97B934E0}.Release|Any CPU.Build.0 = Release|Any CPU
	EndGlobalSection
	GlobalSection(SolutionProperties) = preSolution
		HideSolutionNode = FALSE
	EndGlobalSection
	GlobalSection(NestedProjects) = preSolution
		{2B3EF2BE-6A70-4AAE-BB7E-62B70D5158ED} = {02EA681E-C7D8-13C7-8484-4AC65E1B71E8}
		{86BCF5DC-3901-41DD-AD36-1FFDD43F5890} = {02EA681E-C7D8-13C7-8484-4AC65E1B71E8}
		{6C539A5D-038B-4932-AFF5-FD045C1C62BB} = {02EA681E-C7D8-13C7-8484-4AC65E1B71E8}
	EndGlobalSection
	GlobalSection(ExtensibilityGlobals) = postSolution
		SolutionGuid = {A4BE4450-CD3E-4208-B05F-45AB3B117500}
	EndGlobalSection
EndGlobal
